
Microsoft Visual Studio Solution File, Format Version 12.00
# Visual Studio Version 17
VisualStudioVersion = 17.0.31903.59
MinimumVisualStudioVersion = 10.0.40219.1
Project("{FAE04EC0-301F-11D3-BF4B-00C04F79EFBC}") = "XtremeIdiots.Portal.Repository.Abstractions.V1", "XtremeIdiots.Portal.Repository.Abstractions.V1\XtremeIdiots.Portal.Repository.Abstractions.V1.csproj", "{2CD7BD1E-1D1A-4EDE-A058-B73000FBDA95}"
EndProject
Project("{FAE04EC0-301F-11D3-BF4B-00C04F79EFBC}") = "XtremeIdiots.Portal.Repository.Api.Client.V1", "XtremeIdiots.Portal.Repository.Api.Client.V1\XtremeIdiots.Portal.Repository.Api.Client.V1.csproj", "{AFEF8889-B850-461E-8324-33A0C34117CB}"
EndProject
Project("{FAE04EC0-301F-11D3-BF4B-00C04F79EFBC}") = "XtremeIdiots.Portal.Repository.Api.IntegrationTests.V1", "XtremeIdiots.Portal.Repository.Api.IntegrationTests.V1\XtremeIdiots.Portal.Repository.Api.IntegrationTests.V1.csproj", "{6BC924E9-E6D4-429A-94BF-1786E369E53C}"
EndProject
Project("{FAE04EC0-301F-11D3-BF4B-00C04F79EFBC}") = "XtremeIdiots.Portal.Repository.Api.IntegrationTests.Legacy", "XtremeIdiots.Portal.Repository.Api.IntegrationTests.Legacy\XtremeIdiots.Portal.Repository.Api.IntegrationTests.Legacy.csproj", "{514CF9D2-659D-4CA8-A320-BD17FABAFFCB}"
EndProject
Project("{FAE04EC0-301F-11D3-BF4B-00C04F79EFBC}") = "XtremeIdiots.Portal.Repository.Api.V1", "XtremeIdiots.Portal.Repository.Api.V1\XtremeIdiots.Portal.Repository.Api.V1.csproj", "{60FCD99E-47DD-4825-90FB-3775F68530D4}"
EndProject
Project("{00D1A9C2-B5F0-4AF3-8072-F6C62B433612}") = "XtremeIdiots.Portal.Repository.Database", "XtremeIdiots.Portal.Repository.Database\XtremeIdiots.Portal.Repository.Database.sqlproj", "{F76B1171-080C-44A4-ACFF-4711CB9B7518}"
EndProject
Project("{FAE04EC0-301F-11D3-BF4B-00C04F79EFBC}") = "XtremeIdiots.Portal.Repository.DataLib", "XtremeIdiots.Portal.Repository.DataLib\XtremeIdiots.Portal.Repository.DataLib.csproj", "{FAC79EDB-3D8D-473D-A1CF-404E3C77BEAB}"
EndProject
Project("{FAE04EC0-301F-11D3-BF4B-00C04F79EFBC}") = "XtremeIdiots.Portal.Repository.Abstractions.V2", "XtremeIdiots.Portal.Repository.Abstractions.V2\XtremeIdiots.Portal.Repository.Abstractions.V2.csproj", "{56CB87B8-6AA4-45BC-819C-0FF4309EF2B1}"
EndProject
Project("{FAE04EC0-301F-11D3-BF4B-00C04F79EFBC}") = "XtremeIdiots.Portal.Repository.Api.V2", "XtremeIdiots.Portal.Repository.Api.V2\XtremeIdiots.Portal.Repository.Api.V2.csproj", "{7C72018B-EA67-4395-A6CB-58B3D2FE7B29}"
EndProject
Project("{FAE04EC0-301F-11D3-BF4B-00C04F79EFBC}") = "XtremeIdiots.Portal.Repository.Api.Client.V2", "XtremeIdiots.Portal.Repository.Api.Client.V2\XtremeIdiots.Portal.Repository.Api.Client.V2.csproj", "{C509BA0E-8521-4889-9533-37E7A6224C72}"
EndProject
Project("{FAE04EC0-301F-11D3-BF4B-00C04F79EFBC}") = "XtremeIdiots.Portal.Repository.Api.IntegrationTests.V2", "XtremeIdiots.Portal.Repository.Api.IntegrationTests.V2\XtremeIdiots.Portal.Repository.Api.IntegrationTests.V2.csproj", "{511EEC51-CA99-4B7D-AC2A-74A0879AB014}"
EndProject
Project("{FAE04EC0-301F-11D3-BF4B-00C04F79EFBC}") = "XtremeIdiots.Portal.Repository.Api.Client.Testing", "XtremeIdiots.Portal.Repository.Api.Client.Testing\XtremeIdiots.Portal.Repository.Api.Client.Testing.csproj", "{AF8FB817-E13A-4715-A48A-FFFFD8FA08D4}"
EndProject
Project("{FAE04EC0-301F-11D3-BF4B-00C04F79EFBC}") = "XtremeIdiots.Portal.Repository.Api.Client.Testing.Tests", "XtremeIdiots.Portal.Repository.Api.Client.Testing.Tests\XtremeIdiots.Portal.Repository.Api.Client.Testing.Tests.csproj", "{8CB13A5D-1EDC-4E4D-8D44-D5C180268E45}"
EndProject
Project("{FAE04EC0-301F-11D3-BF4B-00C04F79EFBC}") = "XtremeIdiots.Portal.Repository.Api.Tests.V2", "XtremeIdiots.Portal.Repository.Api.Tests.V2\XtremeIdiots.Portal.Repository.Api.Tests.V2.csproj", "{D8DF3ACF-F2E9-47B7-AC76-ECE79A7CEFE7}"
EndProject
Project("{FAE04EC0-301F-11D3-BF4B-00C04F79EFBC}") = "XtremeIdiots.Portal.Repository.Api.Tests.V1", "XtremeIdiots.Portal.Repository.Api.Tests.V1\XtremeIdiots.Portal.Repository.Api.Tests.V1.csproj", "{28A4A1F7-733F-4C25-9620-27EADF386CC6}"
EndProject
Project("{FAE04EC0-301F-11D3-BF4B-00C04F79EFBC}") = "XtremeIdiots.Portal.Repository.Api.Client.Tests.V1", "XtremeIdiots.Portal.Repository.Api.Client.Tests.V1\XtremeIdiots.Portal.Repository.Api.Client.Tests.V1.csproj", "{777A195E-4FB7-4EF0-BB55-49FDF8CFA05D}"
EndProject
Project("{FAE04EC0-301F-11D3-BF4B-00C04F79EFBC}") = "XtremeIdiots.Portal.Repository.Api.Client.Tests.V2", "XtremeIdiots.Portal.Repository.Api.Client.Tests.V2\XtremeIdiots.Portal.Repository.Api.Client.Tests.V2.csproj", "{C95C3B86-F7F9-45F8-A635-66759459B6CE}"
EndProject
Global
	GlobalSection(SolutionConfigurationPlatforms) = preSolution
		Debug|Any CPU = Debug|Any CPU
		Debug|x64 = Debug|x64
		Debug|x86 = Debug|x86
		Release|Any CPU = Release|Any CPU
		Release|x64 = Release|x64
		Release|x86 = Release|x86
	EndGlobalSection
	GlobalSection(ProjectConfigurationPlatforms) = postSolution
		{2CD7BD1E-1D1A-4EDE-A058-B73000FBDA95}.Debug|Any CPU.ActiveCfg = Debug|Any CPU
		{2CD7BD1E-1D1A-4EDE-A058-B73000FBDA95}.Debug|Any CPU.Build.0 = Debug|Any CPU
		{2CD7BD1E-1D1A-4EDE-A058-B73000FBDA95}.Debug|x64.ActiveCfg = Debug|Any CPU
		{2CD7BD1E-1D1A-4EDE-A058-B73000FBDA95}.Debug|x64.Build.0 = Debug|Any CPU
		{2CD7BD1E-1D1A-4EDE-A058-B73000FBDA95}.Debug|x86.ActiveCfg = Debug|Any CPU
		{2CD7BD1E-1D1A-4EDE-A058-B73000FBDA95}.Debug|x86.Build.0 = Debug|Any CPU
		{2CD7BD1E-1D1A-4EDE-A058-B73000FBDA95}.Release|Any CPU.ActiveCfg = Release|Any CPU
		{2CD7BD1E-1D1A-4EDE-A058-B73000FBDA95}.Release|Any CPU.Build.0 = Release|Any CPU
		{2CD7BD1E-1D1A-4EDE-A058-B73000FBDA95}.Release|x64.ActiveCfg = Release|Any CPU
		{2CD7BD1E-1D1A-4EDE-A058-B73000FBDA95}.Release|x64.Build.0 = Release|Any CPU
		{2CD7BD1E-1D1A-4EDE-A058-B73000FBDA95}.Release|x86.ActiveCfg = Release|Any CPU
		{2CD7BD1E-1D1A-4EDE-A058-B73000FBDA95}.Release|x86.Build.0 = Release|Any CPU
		{AFEF8889-B850-461E-8324-33A0C34117CB}.Debug|Any CPU.ActiveCfg = Debug|Any CPU
		{AFEF8889-B850-461E-8324-33A0C34117CB}.Debug|Any CPU.Build.0 = Debug|Any CPU
		{AFEF8889-B850-461E-8324-33A0C34117CB}.Debug|x64.ActiveCfg = Debug|Any CPU
		{AFEF8889-B850-461E-8324-33A0C34117CB}.Debug|x64.Build.0 = Debug|Any CPU
		{AFEF8889-B850-461E-8324-33A0C34117CB}.Debug|x86.ActiveCfg = Debug|Any CPU
		{AFEF8889-B850-461E-8324-33A0C34117CB}.Debug|x86.Build.0 = Debug|Any CPU
		{AFEF8889-B850-461E-8324-33A0C34117CB}.Release|Any CPU.ActiveCfg = Release|Any CPU
		{AFEF8889-B850-461E-8324-33A0C34117CB}.Release|Any CPU.Build.0 = Release|Any CPU
		{AFEF8889-B850-461E-8324-33A0C34117CB}.Release|x64.ActiveCfg = Release|Any CPU
		{AFEF8889-B850-461E-8324-33A0C34117CB}.Release|x64.Build.0 = Release|Any CPU
		{AFEF8889-B850-461E-8324-33A0C34117CB}.Release|x86.ActiveCfg = Release|Any CPU
		{AFEF8889-B850-461E-8324-33A0C34117CB}.Release|x86.Build.0 = Release|Any CPU
		{6BC924E9-E6D4-429A-94BF-1786E369E53C}.Debug|Any CPU.ActiveCfg = Debug|Any CPU
		{6BC924E9-E6D4-429A-94BF-1786E369E53C}.Debug|Any CPU.Build.0 = Debug|Any CPU
		{6BC924E9-E6D4-429A-94BF-1786E369E53C}.Debug|x64.ActiveCfg = Debug|Any CPU
		{6BC924E9-E6D4-429A-94BF-1786E369E53C}.Debug|x64.Build.0 = Debug|Any CPU
		{6BC924E9-E6D4-429A-94BF-1786E369E53C}.Debug|x86.ActiveCfg = Debug|Any CPU
		{6BC924E9-E6D4-429A-94BF-1786E369E53C}.Debug|x86.Build.0 = Debug|Any CPU
		{6BC924E9-E6D4-429A-94BF-1786E369E53C}.Release|Any CPU.ActiveCfg = Release|Any CPU
		{6BC924E9-E6D4-429A-94BF-1786E369E53C}.Release|Any CPU.Build.0 = Release|Any CPU
		{6BC924E9-E6D4-429A-94BF-1786E369E53C}.Release|x64.ActiveCfg = Release|Any CPU
		{6BC924E9-E6D4-429A-94BF-1786E369E53C}.Release|x64.Build.0 = Release|Any CPU
		{6BC924E9-E6D4-429A-94BF-1786E369E53C}.Release|x86.ActiveCfg = Release|Any CPU
		{6BC924E9-E6D4-429A-94BF-1786E369E53C}.Release|x86.Build.0 = Release|Any CPU
		{514CF9D2-659D-4CA8-A320-BD17FABAFFCB}.Debug|Any CPU.ActiveCfg = Debug|Any CPU
		{514CF9D2-659D-4CA8-A320-BD17FABAFFCB}.Debug|Any CPU.Build.0 = Debug|Any CPU
		{514CF9D2-659D-4CA8-A320-BD17FABAFFCB}.Debug|x64.ActiveCfg = Debug|Any CPU
		{514CF9D2-659D-4CA8-A320-BD17FABAFFCB}.Debug|x64.Build.0 = Debug|Any CPU
		{514CF9D2-659D-4CA8-A320-BD17FABAFFCB}.Debug|x86.ActiveCfg = Debug|Any CPU
		{514CF9D2-659D-4CA8-A320-BD17FABAFFCB}.Debug|x86.Build.0 = Debug|Any CPU
		{514CF9D2-659D-4CA8-A320-BD17FABAFFCB}.Release|Any CPU.ActiveCfg = Release|Any CPU
		{514CF9D2-659D-4CA8-A320-BD17FABAFFCB}.Release|Any CPU.Build.0 = Release|Any CPU
		{514CF9D2-659D-4CA8-A320-BD17FABAFFCB}.Release|x64.ActiveCfg = Release|Any CPU
		{514CF9D2-659D-4CA8-A320-BD17FABAFFCB}.Release|x64.Build.0 = Release|Any CPU
		{514CF9D2-659D-4CA8-A320-BD17FABAFFCB}.Release|x86.ActiveCfg = Release|Any CPU
		{514CF9D2-659D-4CA8-A320-BD17FABAFFCB}.Release|x86.Build.0 = Release|Any CPU
		{60FCD99E-47DD-4825-90FB-3775F68530D4}.Debug|Any CPU.ActiveCfg = Debug|Any CPU
		{60FCD99E-47DD-4825-90FB-3775F68530D4}.Debug|Any CPU.Build.0 = Debug|Any CPU
		{60FCD99E-47DD-4825-90FB-3775F68530D4}.Debug|x64.ActiveCfg = Debug|Any CPU
		{60FCD99E-47DD-4825-90FB-3775F68530D4}.Debug|x64.Build.0 = Debug|Any CPU
		{60FCD99E-47DD-4825-90FB-3775F68530D4}.Debug|x86.ActiveCfg = Debug|Any CPU
		{60FCD99E-47DD-4825-90FB-3775F68530D4}.Debug|x86.Build.0 = Debug|Any CPU
		{60FCD99E-47DD-4825-90FB-3775F68530D4}.Release|Any CPU.ActiveCfg = Release|Any CPU
		{60FCD99E-47DD-4825-90FB-3775F68530D4}.Release|Any CPU.Build.0 = Release|Any CPU
		{60FCD99E-47DD-4825-90FB-3775F68530D4}.Release|x64.ActiveCfg = Release|Any CPU
		{60FCD99E-47DD-4825-90FB-3775F68530D4}.Release|x64.Build.0 = Release|Any CPU
		{60FCD99E-47DD-4825-90FB-3775F68530D4}.Release|x86.ActiveCfg = Release|Any CPU
		{60FCD99E-47DD-4825-90FB-3775F68530D4}.Release|x86.Build.0 = Release|Any CPU
		{F76B1171-080C-44A4-ACFF-4711CB9B7518}.Debug|Any CPU.ActiveCfg = Debug|Any CPU
		{F76B1171-080C-44A4-ACFF-4711CB9B7518}.Debug|x64.ActiveCfg = Debug|Any CPU
		{F76B1171-080C-44A4-ACFF-4711CB9B7518}.Debug|x86.ActiveCfg = Debug|Any CPU
		{F76B1171-080C-44A4-ACFF-4711CB9B7518}.Release|Any CPU.ActiveCfg = Release|Any CPU
		{F76B1171-080C-44A4-ACFF-4711CB9B7518}.Release|x64.ActiveCfg = Release|Any CPU
		{F76B1171-080C-44A4-ACFF-4711CB9B7518}.Release|x86.ActiveCfg = Release|Any CPU
		{FAC79EDB-3D8D-473D-A1CF-404E3C77BEAB}.Debug|Any CPU.ActiveCfg = Debug|Any CPU
		{FAC79EDB-3D8D-473D-A1CF-404E3C77BEAB}.Debug|Any CPU.Build.0 = Debug|Any CPU
		{FAC79EDB-3D8D-473D-A1CF-404E3C77BEAB}.Debug|x64.ActiveCfg = Debug|Any CPU
		{FAC79EDB-3D8D-473D-A1CF-404E3C77BEAB}.Debug|x64.Build.0 = Debug|Any CPU
		{FAC79EDB-3D8D-473D-A1CF-404E3C77BEAB}.Debug|x86.ActiveCfg = Debug|Any CPU
		{FAC79EDB-3D8D-473D-A1CF-404E3C77BEAB}.Debug|x86.Build.0 = Debug|Any CPU
		{FAC79EDB-3D8D-473D-A1CF-404E3C77BEAB}.Release|Any CPU.ActiveCfg = Release|Any CPU
		{FAC79EDB-3D8D-473D-A1CF-404E3C77BEAB}.Release|Any CPU.Build.0 = Release|Any CPU
		{FAC79EDB-3D8D-473D-A1CF-404E3C77BEAB}.Release|x64.ActiveCfg = Release|Any CPU
		{FAC79EDB-3D8D-473D-A1CF-404E3C77BEAB}.Release|x64.Build.0 = Release|Any CPU
		{FAC79EDB-3D8D-473D-A1CF-404E3C77BEAB}.Release|x86.ActiveCfg = Release|Any CPU
		{FAC79EDB-3D8D-473D-A1CF-404E3C77BEAB}.Release|x86.Build.0 = Release|Any CPU
		{56CB87B8-6AA4-45BC-819C-0FF4309EF2B1}.Debug|Any CPU.ActiveCfg = Debug|Any CPU
		{56CB87B8-6AA4-45BC-819C-0FF4309EF2B1}.Debug|Any CPU.Build.0 = Debug|Any CPU
		{56CB87B8-6AA4-45BC-819C-0FF4309EF2B1}.Debug|x64.ActiveCfg = Debug|Any CPU
		{56CB87B8-6AA4-45BC-819C-0FF4309EF2B1}.Debug|x64.Build.0 = Debug|Any CPU
		{56CB87B8-6AA4-45BC-819C-0FF4309EF2B1}.Debug|x86.ActiveCfg = Debug|Any CPU
		{56CB87B8-6AA4-45BC-819C-0FF4309EF2B1}.Debug|x86.Build.0 = Debug|Any CPU
		{56CB87B8-6AA4-45BC-819C-0FF4309EF2B1}.Release|Any CPU.ActiveCfg = Release|Any CPU
		{56CB87B8-6AA4-45BC-819C-0FF4309EF2B1}.Release|Any CPU.Build.0 = Release|Any CPU
		{56CB87B8-6AA4-45BC-819C-0FF4309EF2B1}.Release|x64.ActiveCfg = Release|Any CPU
		{56CB87B8-6AA4-45BC-819C-0FF4309EF2B1}.Release|x64.Build.0 = Release|Any CPU
		{56CB87B8-6AA4-45BC-819C-0FF4309EF2B1}.Release|x86.ActiveCfg = Release|Any CPU
		{56CB87B8-6AA4-45BC-819C-0FF4309EF2B1}.Release|x86.Build.0 = Release|Any CPU
		{7C72018B-EA67-4395-A6CB-58B3D2FE7B29}.Debug|Any CPU.ActiveCfg = Debug|Any CPU
		{7C72018B-EA67-4395-A6CB-58B3D2FE7B29}.Debug|Any CPU.Build.0 = Debug|Any CPU
		{7C72018B-EA67-4395-A6CB-58B3D2FE7B29}.Debug|x64.ActiveCfg = Debug|Any CPU
		{7C72018B-EA67-4395-A6CB-58B3D2FE7B29}.Debug|x64.Build.0 = Debug|Any CPU
		{7C72018B-EA67-4395-A6CB-58B3D2FE7B29}.Debug|x86.ActiveCfg = Debug|Any CPU
		{7C72018B-EA67-4395-A6CB-58B3D2FE7B29}.Debug|x86.Build.0 = Debug|Any CPU
		{7C72018B-EA67-4395-A6CB-58B3D2FE7B29}.Release|Any CPU.ActiveCfg = Release|Any CPU
		{7C72018B-EA67-4395-A6CB-58B3D2FE7B29}.Release|Any CPU.Build.0 = Release|Any CPU
		{7C72018B-EA67-4395-A6CB-58B3D2FE7B29}.Release|x64.ActiveCfg = Release|Any CPU
		{7C72018B-EA67-4395-A6CB-58B3D2FE7B29}.Release|x64.Build.0 = Release|Any CPU
		{7C72018B-EA67-4395-A6CB-58B3D2FE7B29}.Release|x86.ActiveCfg = Release|Any CPU
		{7C72018B-EA67-4395-A6CB-58B3D2FE7B29}.Release|x86.Build.0 = Release|Any CPU
		{C509BA0E-8521-4889-9533-37E7A6224C72}.Debug|Any CPU.ActiveCfg = Debug|Any CPU
		{C509BA0E-8521-4889-9533-37E7A6224C72}.Debug|Any CPU.Build.0 = Debug|Any CPU
		{C509BA0E-8521-4889-9533-37E7A6224C72}.Debug|x64.ActiveCfg = Debug|Any CPU
		{C509BA0E-8521-4889-9533-37E7A6224C72}.Debug|x64.Build.0 = Debug|Any CPU
		{C509BA0E-8521-4889-9533-37E7A6224C72}.Debug|x86.ActiveCfg = Debug|Any CPU
		{C509BA0E-8521-4889-9533-37E7A6224C72}.Debug|x86.Build.0 = Debug|Any CPU
		{C509BA0E-8521-4889-9533-37E7A6224C72}.Release|Any CPU.ActiveCfg = Release|Any CPU
		{C509BA0E-8521-4889-9533-37E7A6224C72}.Release|Any CPU.Build.0 = Release|Any CPU
		{C509BA0E-8521-4889-9533-37E7A6224C72}.Release|x64.ActiveCfg = Release|Any CPU
		{C509BA0E-8521-4889-9533-37E7A6224C72}.Release|x64.Build.0 = Release|Any CPU
		{C509BA0E-8521-4889-9533-37E7A6224C72}.Release|x86.ActiveCfg = Release|Any CPU
		{C509BA0E-8521-4889-9533-37E7A6224C72}.Release|x86.Build.0 = Release|Any CPU
		{511EEC51-CA99-4B7D-AC2A-74A0879AB014}.Debug|Any CPU.ActiveCfg = Debug|Any CPU
		{511EEC51-CA99-4B7D-AC2A-74A0879AB014}.Debug|Any CPU.Build.0 = Debug|Any CPU
		{511EEC51-CA99-4B7D-AC2A-74A0879AB014}.Debug|x64.ActiveCfg = Debug|Any CPU
		{511EEC51-CA99-4B7D-AC2A-74A0879AB014}.Debug|x64.Build.0 = Debug|Any CPU
		{511EEC51-CA99-4B7D-AC2A-74A0879AB014}.Debug|x86.ActiveCfg = Debug|Any CPU
		{511EEC51-CA99-4B7D-AC2A-74A0879AB014}.Debug|x86.Build.0 = Debug|Any CPU
		{511EEC51-CA99-4B7D-AC2A-74A0879AB014}.Release|Any CPU.ActiveCfg = Release|Any CPU
		{511EEC51-CA99-4B7D-AC2A-74A0879AB014}.Release|Any CPU.Build.0 = Release|Any CPU
		{511EEC51-CA99-4B7D-AC2A-74A0879AB014}.Release|x64.ActiveCfg = Release|Any CPU
		{511EEC51-CA99-4B7D-AC2A-74A0879AB014}.Release|x64.Build.0 = Release|Any CPU
		{511EEC51-CA99-4B7D-AC2A-74A0879AB014}.Release|x86.ActiveCfg = Release|Any CPU
		{511EEC51-CA99-4B7D-AC2A-74A0879AB014}.Release|x86.Build.0 = Release|Any CPU
		{AF8FB817-E13A-4715-A48A-FFFFD8FA08D4}.Debug|Any CPU.ActiveCfg = Debug|Any CPU
		{AF8FB817-E13A-4715-A48A-FFFFD8FA08D4}.Debug|Any CPU.Build.0 = Debug|Any CPU
		{AF8FB817-E13A-4715-A48A-FFFFD8FA08D4}.Debug|x64.ActiveCfg = Debug|Any CPU
		{AF8FB817-E13A-4715-A48A-FFFFD8FA08D4}.Debug|x64.Build.0 = Debug|Any CPU
		{AF8FB817-E13A-4715-A48A-FFFFD8FA08D4}.Debug|x86.ActiveCfg = Debug|Any CPU
		{AF8FB817-E13A-4715-A48A-FFFFD8FA08D4}.Debug|x86.Build.0 = Debug|Any CPU
		{AF8FB817-E13A-4715-A48A-FFFFD8FA08D4}.Release|Any CPU.ActiveCfg = Release|Any CPU
		{AF8FB817-E13A-4715-A48A-FFFFD8FA08D4}.Release|Any CPU.Build.0 = Release|Any CPU
		{AF8FB817-E13A-4715-A48A-FFFFD8FA08D4}.Release|x64.ActiveCfg = Release|Any CPU
		{AF8FB817-E13A-4715-A48A-FFFFD8FA08D4}.Release|x64.Build.0 = Release|Any CPU
		{AF8FB817-E13A-4715-A48A-FFFFD8FA08D4}.Release|x86.ActiveCfg = Release|Any CPU
		{AF8FB817-E13A-4715-A48A-FFFFD8FA08D4}.Release|x86.Build.0 = Release|Any CPU
		{8CB13A5D-1EDC-4E4D-8D44-D5C180268E45}.Debug|Any CPU.ActiveCfg = Debug|Any CPU
		{8CB13A5D-1EDC-4E4D-8D44-D5C180268E45}.Debug|Any CPU.Build.0 = Debug|Any CPU
		{8CB13A5D-1EDC-4E4D-8D44-D5C180268E45}.Debug|x64.ActiveCfg = Debug|Any CPU
		{8CB13A5D-1EDC-4E4D-8D44-D5C180268E45}.Debug|x64.Build.0 = Debug|Any CPU
		{8CB13A5D-1EDC-4E4D-8D44-D5C180268E45}.Debug|x86.ActiveCfg = Debug|Any CPU
		{8CB13A5D-1EDC-4E4D-8D44-D5C180268E45}.Debug|x86.Build.0 = Debug|Any CPU
		{8CB13A5D-1EDC-4E4D-8D44-D5C180268E45}.Release|Any CPU.ActiveCfg = Release|Any CPU
		{8CB13A5D-1EDC-4E4D-8D44-D5C180268E45}.Release|Any CPU.Build.0 = Release|Any CPU
		{8CB13A5D-1EDC-4E4D-8D44-D5C180268E45}.Release|x64.ActiveCfg = Release|Any CPU
		{8CB13A5D-1EDC-4E4D-8D44-D5C180268E45}.Release|x64.Build.0 = Release|Any CPU
		{8CB13A5D-1EDC-4E4D-8D44-D5C180268E45}.Release|x86.ActiveCfg = Release|Any CPU
		{8CB13A5D-1EDC-4E4D-8D44-D5C180268E45}.Release|x86.Build.0 = Release|Any CPU
		{D8DF3ACF-F2E9-47B7-AC76-ECE79A7CEFE7}.Debug|Any CPU.ActiveCfg = Debug|Any CPU
		{D8DF3ACF-F2E9-47B7-AC76-ECE79A7CEFE7}.Debug|Any CPU.Build.0 = Debug|Any CPU
		{D8DF3ACF-F2E9-47B7-AC76-ECE79A7CEFE7}.Debug|x64.ActiveCfg = Debug|Any CPU
		{D8DF3ACF-F2E9-47B7-AC76-ECE79A7CEFE7}.Debug|x64.Build.0 = Debug|Any CPU
		{D8DF3ACF-F2E9-47B7-AC76-ECE79A7CEFE7}.Debug|x86.ActiveCfg = Debug|Any CPU
		{D8DF3ACF-F2E9-47B7-AC76-ECE79A7CEFE7}.Debug|x86.Build.0 = Debug|Any CPU
		{D8DF3ACF-F2E9-47B7-AC76-ECE79A7CEFE7}.Release|Any CPU.ActiveCfg = Release|Any CPU
		{D8DF3ACF-F2E9-47B7-AC76-ECE79A7CEFE7}.Release|Any CPU.Build.0 = Release|Any CPU
		{D8DF3ACF-F2E9-47B7-AC76-ECE79A7CEFE7}.Release|x64.ActiveCfg = Release|Any CPU
		{D8DF3ACF-F2E9-47B7-AC76-ECE79A7CEFE7}.Release|x64.Build.0 = Release|Any CPU
		{D8DF3ACF-F2E9-47B7-AC76-ECE79A7CEFE7}.Release|x86.ActiveCfg = Release|Any CPU
		{D8DF3ACF-F2E9-47B7-AC76-ECE79A7CEFE7}.Release|x86.Build.0 = Release|Any CPU
		{28A4A1F7-733F-4C25-9620-27EADF386CC6}.Debug|Any CPU.ActiveCfg = Debug|Any CPU
		{28A4A1F7-733F-4C25-9620-27EADF386CC6}.Debug|Any CPU.Build.0 = Debug|Any CPU
		{28A4A1F7-733F-4C25-9620-27EADF386CC6}.Debug|x64.ActiveCfg = Debug|Any CPU
		{28A4A1F7-733F-4C25-9620-27EADF386CC6}.Debug|x64.Build.0 = Debug|Any CPU
		{28A4A1F7-733F-4C25-9620-27EADF386CC6}.Debug|x86.ActiveCfg = Debug|Any CPU
		{28A4A1F7-733F-4C25-9620-27EADF386CC6}.Debug|x86.Build.0 = Debug|Any CPU
		{28A4A1F7-733F-4C25-9620-27EADF386CC6}.Release|Any CPU.ActiveCfg = Release|Any CPU
		{28A4A1F7-733F-4C25-9620-27EADF386CC6}.Release|Any CPU.Build.0 = Release|Any CPU
		{28A4A1F7-733F-4C25-9620-27EADF386CC6}.Release|x64.ActiveCfg = Release|Any CPU
		{28A4A1F7-733F-4C25-9620-27EADF386CC6}.Release|x64.Build.0 = Release|Any CPU
		{28A4A1F7-733F-4C25-9620-27EADF386CC6}.Release|x86.ActiveCfg = Release|Any CPU
		{28A4A1F7-733F-4C25-9620-27EADF386CC6}.Release|x86.Build.0 = Release|Any CPU
		{777A195E-4FB7-4EF0-BB55-49FDF8CFA05D}.Debug|Any CPU.ActiveCfg = Debug|Any CPU
		{777A195E-4FB7-4EF0-BB55-49FDF8CFA05D}.Debug|Any CPU.Build.0 = Debug|Any CPU
		{777A195E-4FB7-4EF0-BB55-49FDF8CFA05D}.Debug|x64.ActiveCfg = Debug|Any CPU
		{777A195E-4FB7-4EF0-BB55-49FDF8CFA05D}.Debug|x64.Build.0 = Debug|Any CPU
		{777A195E-4FB7-4EF0-BB55-49FDF8CFA05D}.Debug|x86.ActiveCfg = Debug|Any CPU
		{777A195E-4FB7-4EF0-BB55-49FDF8CFA05D}.Debug|x86.Build.0 = Debug|Any CPU
		{777A195E-4FB7-4EF0-BB55-49FDF8CFA05D}.Release|Any CPU.ActiveCfg = Release|Any CPU
		{777A195E-4FB7-4EF0-BB55-49FDF8CFA05D}.Release|Any CPU.Build.0 = Release|Any CPU
		{777A195E-4FB7-4EF0-BB55-49FDF8CFA05D}.Release|x64.ActiveCfg = Release|Any CPU
		{777A195E-4FB7-4EF0-BB55-49FDF8CFA05D}.Release|x64.Build.0 = Release|Any CPU
		{777A195E-4FB7-4EF0-BB55-49FDF8CFA05D}.Release|x86.ActiveCfg = Release|Any CPU
		{777A195E-4FB7-4EF0-BB55-49FDF8CFA05D}.Release|x86.Build.0 = Release|Any CPU
		{C95C3B86-F7F9-45F8-A635-66759459B6CE}.Debug|Any CPU.ActiveCfg = Debug|Any CPU
		{C95C3B86-F7F9-45F8-A635-66759459B6CE}.Debug|Any CPU.Build.0 = Debug|Any CPU
		{C95C3B86-F7F9-45F8-A635-66759459B6CE}.Debug|x64.ActiveCfg = Debug|Any CPU
		{C95C3B86-F7F9-45F8-A635-66759459B6CE}.Debug|x64.Build.0 = Debug|Any CPU
		{C95C3B86-F7F9-45F8-A635-66759459B6CE}.Debug|x86.ActiveCfg = Debug|Any CPU
		{C95C3B86-F7F9-45F8-A635-66759459B6CE}.Debug|x86.Build.0 = Debug|Any CPU
		{C95C3B86-F7F9-45F8-A635-66759459B6CE}.Release|Any CPU.ActiveCfg = Release|Any CPU
		{C95C3B86-F7F9-45F8-A635-66759459B6CE}.Release|Any CPU.Build.0 = Release|Any CPU
		{C95C3B86-F7F9-45F8-A635-66759459B6CE}.Release|x64.ActiveCfg = Release|Any CPU
		{C95C3B86-F7F9-45F8-A635-66759459B6CE}.Release|x64.Build.0 = Release|Any CPU
		{C95C3B86-F7F9-45F8-A635-66759459B6CE}.Release|x86.ActiveCfg = Release|Any CPU
		{C95C3B86-F7F9-45F8-A635-66759459B6CE}.Release|x86.Build.0 = Release|Any CPU
	EndGlobalSection
	GlobalSection(SolutionProperties) = preSolution
		HideSolutionNode = FALSE
	EndGlobalSection
	GlobalSection(ExtensibilityGlobals) = postSolution
		SolutionGuid = {89305F56-5C30-4044-97AB-7329AE157152}
	EndGlobalSection
EndGlobal
